Microsoft Visual Studio Solution File, Format Version 12.00
# Visual Studio Version 17
VisualStudioVersion = 17.5.2.0
MinimumVisualStudioVersion = 10.0.40219.1
Project("{FAE04EC0-301F-11D3-BF4B-00C04F79EFBC}") = "ResilientApi", "ResilientApi.csproj", "{9DE37E61-A3EF-5840-8CE0-459676CDD337}"
EndProject
Global
	GlobalSection(SolutionConfigurationPlatforms) = preSolution
		Debug|Any CPU = Debug|Any CPU
		Release|Any CPU = Release|Any CPU
	EndGlobalSection
	GlobalSection(ProjectConfigurationPlatforms) = postSolution
		{9DE37E61-A3EF-5840-8CE0-459676CDD337}.Debug|Any CPU.ActiveCfg = Debug|Any CPU
		{9DE37E61-A3EF-5840-8CE0-459676CDD337}.Debug|Any CPU.Build.0 = Debug|Any CPU
		{9DE37E61-A3EF-5840-8CE0-459676CDD337}.Release|Any CPU.ActiveCfg = Release|Any CPU
		{9DE37E61-A3EF-5840-8CE0-459676CDD337}.Release|Any CPU.Build.0 = Release|Any CPU
	EndGlobalSection
	GlobalSection(SolutionProperties) = preSolution
		HideSolutionNode = FALSE
	EndGlobalSection
	GlobalSection(ExtensibilityGlobals) = postSolution
		SolutionGuid = {755C15B2-DF50-45D5-9F32-EDCC73BEE594}
	EndGlobalSection
EndGlobal
